// !$*UTF8*$!
{
	archiveVersion = 1;
	classes = {
	};
	objectVersion = 46;
	objects = {

/* Begin PBXBuildFile section */
		7A79C9981F660FE2002E170F /* AuthRequestBuilder.swift in Sources */ = {isa = PBXBuildFile; fileRef = 7A79C9971F660FE2002E170F /* AuthRequestBuilder.swift */; };
		7A79C99A1F662DC2002E170F /* Test.plist in Resources */ = {isa = PBXBuildFile; fileRef = 7A79C9991F662DC2002E170F /* Test.plist */; };
		7AF7E4841F65DBF900BB1484 /* AppDelegate.swift in Sources */ = {isa = PBXBuildFile; fileRef = 7AF7E4831F65DBF900BB1484 /* AppDelegate.swift */; };
		7AF7E4861F65DBF900BB1484 /* ViewController.swift in Sources */ = {isa = PBXBuildFile; fileRef = 7AF7E4851F65DBF900BB1484 /* ViewController.swift */; };
		7AF7E4891F65DBF900BB1484 /* Main.storyboard in Resources */ = {isa = PBXBuildFile; fileRef = 7AF7E4871F65DBF900BB1484 /* Main.storyboard */; };
		7AF7E48B1F65DBF900BB1484 /* Assets.xcassets in Resources */ = {isa = PBXBuildFile; fileRef = 7AF7E48A1F65DBF900BB1484 /* Assets.xcassets */; };
		7AF7E48E1F65DBF900BB1484 /* LaunchScreen.storyboard in Resources */ = {isa = PBXBuildFile; fileRef = 7AF7E48C1F65DBF900BB1484 /* LaunchScreen.storyboard */; };
		7AF7E4991F65DBF900BB1484 /* PusherAuthenticationSampleTests.swift in Sources */ = {isa = PBXBuildFile; fileRef = 7AF7E4981F65DBF900BB1484 /* PusherAuthenticationSampleTests.swift */; };
		7AF7E4A41F65DBF900BB1484 /* PusherAuthenticationSampleUITests.swift in Sources */ = {isa = PBXBuildFile; fileRef = 7AF7E4A31F65DBF900BB1484 /* PusherAuthenticationSampleUITests.swift */; };
		F85C6269743BC94384D88814 /* Pods_PusherAuthenticationSample.framework in Frameworks */ = {isa = PBXBuildFile; fileRef = 0AF9305AC798E0F4D8C3AB24 /* Pods_PusherAuthenticationSample.framework */; };
/* End PBXBuildFile section */

/* Begin PBXContainerItemProxy section */
		7AF7E4951F65DBF900BB1484 /* PBXContainerItemProxy */ = {
			isa = PBXContainerItemProxy;
			containerPortal = 7AF7E4781F65DBF900BB1484 /* Project object */;
			proxyType = 1;
			remoteGlobalIDString = 7AF7E47F1F65DBF900BB1484;
			remoteInfo = PusherAuthenticationSample;
		};
		7AF7E4A01F65DBF900BB1484 /* PBXContainerItemProxy */ = {
			isa = PBXContainerItemProxy;
			containerPortal = 7AF7E4781F65DBF900BB1484 /* Project object */;
			proxyType = 1;
			remoteGlobalIDString = 7AF7E47F1F65DBF900BB1484;
			remoteInfo = PusherAuthenticationSample;
		};
/* End PBXContainerItemProxy section */

/* Begin PBXFileReference section */
		0AF9305AC798E0F4D8C3AB24 /* Pods_PusherAuthenticationSample.framework */ = {isa = PBXFileReference; explicitFileType = wrapper.framework; includeInIndex = 0; path = Pods_PusherAuthenticationSample.framework; sourceTree = BUILT_PRODUCTS_DIR; };
		19783D700BC1F31475BD393A /* Pods-PusherAuthenticationSample.debug.xcconfig */ = {isa = PBXFileReference; includeInIndex = 1; lastKnownFileType = text.xcconfig; name = "Pods-PusherAuthenticationSample.debug.xcconfig"; path = "Pods/Target Support Files/Pods-PusherAuthenticationSample/Pods-PusherAuthenticationSample.debug.xcconfig"; sourceTree = "<group>"; };
		7A79C9971F660FE2002E170F /* AuthRequestBuilder.swift */ = {isa = PBXFileReference; fileEncoding = 4; lastKnownFileType = sourcecode.swift; path = AuthRequestBuilder.swift; sourceTree = "<group>"; };
		7A79C9991F662DC2002E170F /* Test.plist */ = {isa = PBXFileReference; fileEncoding = 4; lastKnownFileType = text.plist.xml; path = Test.plist; sourceTree = "<group>"; };
		7AF7E4801F65DBF900BB1484 /* PusherAuthenticationSample.app */ = {isa = PBXFileReference; explicitFileType = wrapper.application; includeInIndex = 0; path = PusherAuthenticationSample.app; sourceTree = BUILT_PRODUCTS_DIR; };
		7AF7E4831F65DBF900BB1484 /* AppDelegate.swift */ = {isa = PBXFileReference; lastKnownFileType = sourcecode.swift; path = AppDelegate.swift; sourceTree = "<group>"; };
		7AF7E4851F65DBF900BB1484 /* ViewController.swift */ = {isa = PBXFileReference; lastKnownFileType = sourcecode.swift; path = ViewController.swift; sourceTree = "<group>"; };
		7AF7E4881F65DBF900BB1484 /* Base */ = {isa = PBXFileReference; lastKnownFileType = file.storyboard; name = Base; path = Base.lproj/Main.storyboard; sourceTree = "<group>"; };
		7AF7E48A1F65DBF900BB1484 /* Assets.xcassets */ = {isa = PBXFileReference; lastKnownFileType = folder.assetcatalog; path = Assets.xcassets; sourceTree = "<group>"; };
		7AF7E48D1F65DBF900BB1484 /* Base */ = {isa = PBXFileReference; lastKnownFileType = file.storyboard; name = Base; path = Base.lproj/LaunchScreen.storyboard; sourceTree = "<group>"; };
		7AF7E48F1F65DBF900BB1484 /* Info.plist */ = {isa = PBXFileReference; lastKnownFileType = text.plist.xml; path = Info.plist; sourceTree = "<group>"; };
		7AF7E4941F65DBF900BB1484 /* PusherAuthenticationSampleTests.xctest */ = {isa = PBXFileReference; explicitFileType = wrapper.cfbundle; includeInIndex = 0; path = PusherAuthenticationSampleTests.xctest; sourceTree = BUILT_PRODUCTS_DIR; };
		7AF7E4981F65DBF900BB1484 /* PusherAuthenticationSampleTests.swift */ = {isa = PBXFileReference; lastKnownFileType = sourcecode.swift; path = PusherAuthenticationSampleTests.swift; sourceTree = "<group>"; };
		7AF7E49A1F65DBF900BB1484 /* Info.plist */ = {isa = PBXFileReference; lastKnownFileType = text.plist.xml; path = Info.plist; sourceTree = "<group>"; };
		7AF7E49F1F65DBF900BB1484 /* PusherAuthenticationSampleUITests.xctest */ = {isa = PBXFileReference; explicitFileType = wrapper.cfbundle; includeInIndex = 0; path = PusherAuthenticationSampleUITests.xctest; sourceTree = BUILT_PRODUCTS_DIR; };
		7AF7E4A31F65DBF900BB1484 /* PusherAuthenticationSampleUITests.swift */ = {isa = PBXFileReference; lastKnownFileType = sourcecode.swift; path = PusherAuthenticationSampleUITests.swift; sourceTree = "<group>"; };
		7AF7E4A51F65DBF900BB1484 /* Info.plist */ = {isa = PBXFileReference; lastKnownFileType = text.plist.xml; path = Info.plist; sourceTree = "<group>"; };
		A99B718057BB4C498C02796F /* Pods-PusherAuthenticationSample.release.xcconfig */ = {isa = PBXFileReference; includeInIndex = 1; lastKnownFileType = text.xcconfig; name = "Pods-PusherAuthenticationSample.release.xcconfig"; path = "Pods/Target Support Files/Pods-PusherAuthenticationSample/Pods-PusherAuthenticationSample.release.xcconfig"; sourceTree = "<group>"; };
/* End PBXFileReference section */

/* Begin PBXFrameworksBuildPhase section */
		7AF7E47D1F65DBF900BB1484 /* Frameworks */ = {
			isa = PBXFrameworksBuildPhase;
			buildActionMask = 2147483647;
			files = (
				F85C6269743BC94384D88814 /* Pods_PusherAuthenticationSample.framework in Frameworks */,
			);
			runOnlyForDeploymentPostprocessing = 0;
		};
		7AF7E4911F65DBF900BB1484 /* Frameworks */ = {
			isa = PBXFrameworksBuildPhase;
			buildActionMask = 2147483647;
			files = (
			);
			runOnlyForDeploymentPostprocessing = 0;
		};
		7AF7E49C1F65DBF900BB1484 /* Frameworks */ = {
			isa = PBXFrameworksBuildPhase;
			buildActionMask = 2147483647;
			files = (
			);
			runOnlyForDeploymentPostprocessing = 0;
		};
/* End PBXFrameworksBuildPhase section */

/* Begin PBXGroup section */
		7AF7E4771F65DBF800BB1484 = {
			isa = PBXGroup;
			children = (
				7AF7E4821F65DBF900BB1484 /* PusherAuthenticationSample */,
				7AF7E4971F65DBF900BB1484 /* PusherAuthenticationSampleTests */,
				7AF7E4A21F65DBF900BB1484 /* PusherAuthenticationSampleUITests */,
				7AF7E4811F65DBF900BB1484 /* Products */,
				8F7EB4D958247520926406E9 /* Pods */,
				E790F51243CCB96B3DF588B5 /* Frameworks */,
			);
			sourceTree = "<group>";
		};
		7AF7E4811F65DBF900BB1484 /* Products */ = {
			isa = PBXGroup;
			children = (
				7AF7E4801F65DBF900BB1484 /* PusherAuthenticationSample.app */,
				7AF7E4941F65DBF900BB1484 /* PusherAuthenticationSampleTests.xctest */,
				7AF7E49F1F65DBF900BB1484 /* PusherAuthenticationSampleUITests.xctest */,
			);
			name = Products;
			sourceTree = "<group>";
		};
		7AF7E4821F65DBF900BB1484 /* PusherAuthenticationSample */ = {
			isa = PBXGroup;
			children = (
				7AF7E4831F65DBF900BB1484 /* AppDelegate.swift */,
				7AF7E4851F65DBF900BB1484 /* ViewController.swift */,
				7AF7E4871F65DBF900BB1484 /* Main.storyboard */,
				7AF7E48A1F65DBF900BB1484 /* Assets.xcassets */,
				7AF7E48C1F65DBF900BB1484 /* LaunchScreen.storyboard */,
				7AF7E48F1F65DBF900BB1484 /* Info.plist */,
				7A79C9971F660FE2002E170F /* AuthRequestBuilder.swift */,
				7A79C9991F662DC2002E170F /* Test.plist */,
			);
			path = PusherAuthenticationSample;
			sourceTree = "<group>";
		};
		7AF7E4971F65DBF900BB1484 /* PusherAuthenticationSampleTests */ = {
			isa = PBXGroup;
			children = (
				7AF7E4981F65DBF900BB1484 /* PusherAuthenticationSampleTests.swift */,
				7AF7E49A1F65DBF900BB1484 /* Info.plist */,
			);
			path = PusherAuthenticationSampleTests;
			sourceTree = "<group>";
		};
		7AF7E4A21F65DBF900BB1484 /* PusherAuthenticationSampleUITests */ = {
			isa = PBXGroup;
			children = (
				7AF7E4A31F65DBF900BB1484 /* PusherAuthenticationSampleUITests.swift */,
				7AF7E4A51F65DBF900BB1484 /* Info.plist */,
			);
			path = PusherAuthenticationSampleUITests;
			sourceTree = "<group>";
		};
		8F7EB4D958247520926406E9 /* Pods */ = {
			isa = PBXGroup;
			children = (
				19783D700BC1F31475BD393A /* Pods-PusherAuthenticationSample.debug.xcconfig */,
				A99B718057BB4C498C02796F /* Pods-PusherAuthenticationSample.release.xcconfig */,
			);
			name = Pods;
			sourceTree = "<group>";
		};
		E790F51243CCB96B3DF588B5 /* Frameworks */ = {
			isa = PBXGroup;
			children = (
				0AF9305AC798E0F4D8C3AB24 /* Pods_PusherAuthenticationSample.framework */,
			);
			name = Frameworks;
			sourceTree = "<group>";
		};
/* End PBXGroup section */

/* Begin PBXNativeTarget section */
		7AF7E47F1F65DBF900BB1484 /* PusherAuthenticationSample */ = {
			isa = PBXNativeTarget;
			buildConfigurationList = 7AF7E4A81F65DBF900BB1484 /* Build configuration list for PBXNativeTarget "PusherAuthenticationSample" */;
			buildPhases = (
				08D240215464931447C458D2 /* [CP] Check Pods Manifest.lock */,
				7AF7E47C1F65DBF900BB1484 /* Sources */,
				7AF7E47D1F65DBF900BB1484 /* Frameworks */,
				7AF7E47E1F65DBF900BB1484 /* Resources */,
				1754E1DCAB8C4AD6A3F5405D /* [CP] Embed Pods Frameworks */,
				189E002BC4DE798AB9F099E1 /* [CP] Copy Pods Resources */,
			);
			buildRules = (
			);
			dependencies = (
			);
			name = PusherAuthenticationSample;
			productName = PusherAuthenticationSample;
			productReference = 7AF7E4801F65DBF900BB1484 /* PusherAuthenticationSample.app */;
			productType = "com.apple.product-type.application";
		};
		7AF7E4931F65DBF900BB1484 /* PusherAuthenticationSampleTests */ = {
			isa = PBXNativeTarget;
			buildConfigurationList = 7AF7E4AB1F65DBF900BB1484 /* Build configuration list for PBXNativeTarget "PusherAuthenticationSampleTests" */;
			buildPhases = (
				7AF7E4901F65DBF900BB1484 /* Sources */,
				7AF7E4911F65DBF900BB1484 /* Frameworks */,
				7AF7E4921F65DBF900BB1484 /* Resources */,
			);
			buildRules = (
			);
			dependencies = (
				7AF7E4961F65DBF900BB1484 /* PBXTargetDependency */,
			);
			name = PusherAuthenticationSampleTests;
			productName = PusherAuthenticationSampleTests;
			productReference = 7AF7E4941F65DBF900BB1484 /* PusherAuthenticationSampleTests.xctest */;
			productType = "com.apple.product-type.bundle.unit-test";
		};
		7AF7E49E1F65DBF900BB1484 /* PusherAuthenticationSampleUITests */ = {
			isa = PBXNativeTarget;
			buildConfigurationList = 7AF7E4AE1F65DBF900BB1484 /* Build configuration list for PBXNativeTarget "PusherAuthenticationSampleUITests" */;
			buildPhases = (
				7AF7E49B1F65DBF900BB1484 /* Sources */,
				7AF7E49C1F65DBF900BB1484 /* Frameworks */,
				7AF7E49D1F65DBF900BB1484 /* Resources */,
			);
			buildRules = (
			);
			dependencies = (
				7AF7E4A11F65DBF900BB1484 /* PBXTargetDependency */,
			);
			name = PusherAuthenticationSampleUITests;
			productName = PusherAuthenticationSampleUITests;
			productReference = 7AF7E49F1F65DBF900BB1484 /* PusherAuthenticationSampleUITests.xctest */;
			productType = "com.apple.product-type.bundle.ui-testing";
		};
/* End PBXNativeTarget section */

/* Begin PBXProject section */
		7AF7E4781F65DBF900BB1484 /* Project object */ = {
			isa = PBXProject;
			attributes = {
				LastSwiftUpdateCheck = 0830;
				LastUpgradeCheck = 0830;
				ORGANIZATIONNAME = "Angela Dyrda";
				TargetAttributes = {
					7AF7E47F1F65DBF900BB1484 = {
						CreatedOnToolsVersion = 8.3.3;
						DevelopmentTeam = 2D36RY7798;
						ProvisioningStyle = Automatic;
					};
					7AF7E4931F65DBF900BB1484 = {
						CreatedOnToolsVersion = 8.3.3;
						DevelopmentTeam = 2D36RY7798;
						ProvisioningStyle = Automatic;
						TestTargetID = 7AF7E47F1F65DBF900BB1484;
					};
					7AF7E49E1F65DBF900BB1484 = {
						CreatedOnToolsVersion = 8.3.3;
						DevelopmentTeam = 2D36RY7798;
						ProvisioningStyle = Automatic;
						TestTargetID = 7AF7E47F1F65DBF900BB1484;
					};
				};
			};
			buildConfigurationList = 7AF7E47B1F65DBF900BB1484 /* Build configuration list for PBXProject "PusherAuthenticationSample" */;
			compatibilityVersion = "Xcode 3.2";
			developmentRegion = English;
			hasScannedForEncodings = 0;
			knownRegions = (
				en,
				Base,
			);
			mainGroup = 7AF7E4771F65DBF800BB1484;
			productRefGroup = 7AF7E4811F65DBF900BB1484 /* Products */;
			projectDirPath = "";
			projectRoot = "";
			targets = (
				7AF7E47F1F65DBF900BB1484 /* PusherAuthenticationSample */,
				7AF7E4931F65DBF900BB1484 /* PusherAuthenticationSampleTests */,
				7AF7E49E1F65DBF900BB1484 /* PusherAuthenticationSampleUITests */,
			);
		};
/* End PBXProject section */

/* Begin PBXResourcesBuildPhase section */
		7AF7E47E1F65DBF900BB1484 /* Resources */ = {
			isa = PBXResourcesBuildPhase;
			buildActionMask = 2147483647;
			files = (
				7A79C99A1F662DC2002E170F /* Test.plist in Resources */,
				7AF7E48E1F65DBF900BB1484 /* LaunchScreen.storyboard in Resources */,
				7AF7E48B1F65DBF900BB1484 /* Assets.xcassets in Resources */,
				7AF7E4891F65DBF900BB1484 /* Main.storyboard in Resources */,
			);
			runOnlyForDeploymentPostprocessing = 0;
		};
		7AF7E4921F65DBF900BB1484 /* Resources */ = {
			isa = PBXResourcesBuildPhase;
			buildActionMask = 2147483647;
			files = (
			);
			runOnlyForDeploymentPostprocessing = 0;
		};
		7AF7E49D1F65DBF900BB1484 /* Resources */ = {
			isa = PBXResourcesBuildPhase;
			buildActionMask = 2147483647;
			files = (
			);
			runOnlyForDeploymentPostprocessing = 0;
		};
/* End PBXResourcesBuildPhase section */

/* Begin PBXShellScriptBuildPhase section */
		08D240215464931447C458D2 /* [CP] Check Pods Manifest.lock */ = {
			isa = PBXShellScriptBuildPhase;
			buildActionMask = 2147483647;
			files = (
			);
			inputPaths = (
				"${PODS_PODFILE_DIR_PATH}/Podfile.lock",
				"${PODS_ROOT}/Manifest.lock",
			);
			name = "[CP] Check Pods Manifest.lock";
			outputPaths = (
				"$(DERIVED_FILE_DIR)/Pods-PusherAuthenticationSample-checkManifestLockResult.txt",
			);
			runOnlyForDeploymentPostprocessing = 0;
			shellPath = /bin/sh;
			shellScript = "diff \"${PODS_PODFILE_DIR_PATH}/Podfile.lock\" \"${PODS_ROOT}/Manifest.lock\" > /dev/null\nif [ $? != 0 ] ; then\n    # print error to STDERR\n    echo \"error: The sandbox is not in sync with the Podfile.lock. Run 'pod install' or update your CocoaPods installation.\" >&2\n    exit 1\nfi\n# This output is used by Xcode 'outputs' to avoid re-running this script phase.\necho \"SUCCESS\" > \"${SCRIPT_OUTPUT_FILE_0}\"\n";
			showEnvVarsInLog = 0;
		};
		1754E1DCAB8C4AD6A3F5405D /* [CP] Embed Pods Frameworks */ = {
			isa = PBXShellScriptBuildPhase;
			buildActionMask = 2147483647;
			files = (
			);
			inputPaths = (
				"${SRCROOT}/Pods/Target Support Files/Pods-PusherAuthenticationSample/Pods-PusherAuthenticationSample-frameworks.sh",
				"${BUILT_PRODUCTS_DIR}/PusherSwift/PusherSwift.framework",
			);
			name = "[CP] Embed Pods Frameworks";
			outputPaths = (
				"${TARGET_BUILD_DIR}/${FRAMEWORKS_FOLDER_PATH}/PusherSwift.framework",
			);
			runOnlyForDeploymentPostprocessing = 0;
			shellPath = /bin/sh;
			shellScript = "\"${SRCROOT}/Pods/Target Support Files/Pods-PusherAuthenticationSample/Pods-PusherAuthenticationSample-frameworks.sh\"\n";
			showEnvVarsInLog = 0;
		};
		189E002BC4DE798AB9F099E1 /* [CP] Copy Pods Resources */ = {
			isa = PBXShellScriptBuildPhase;
			buildActionMask = 2147483647;
			files = (
			);
			inputPaths = (
			);
			name = "[CP] Copy Pods Resources";
			outputPaths = (
			);
			runOnlyForDeploymentPostprocessing = 0;
			shellPath = /bin/sh;
			shellScript = "\"${SRCROOT}/Pods/Target Support Files/Pods-PusherAuthenticationSample/Pods-PusherAuthenticationSample-resources.sh\"\n";
			showEnvVarsInLog = 0;
		};
/* End PBXShellScriptBuildPhase section */

/* Begin PBXSourcesBuildPhase section */
		7AF7E47C1F65DBF900BB1484 /* Sources */ = {
			isa = PBXSourcesBuildPhase;
			buildActionMask = 2147483647;
			files = (
				7AF7E4861F65DBF900BB1484 /* ViewController.swift in Sources */,
				7A79C9981F660FE2002E170F /* AuthRequestBuilder.swift in Sources */,
				7AF7E4841F65DBF900BB1484 /* AppDelegate.swift in Sources */,
			);
			runOnlyForDeploymentPostprocessing = 0;
		};
		7AF7E4901F65DBF900BB1484 /* Sources */ = {
			isa = PBXSourcesBuildPhase;
			buildActionMask = 2147483647;
			files = (
				7AF7E4991F65DBF900BB1484 /* PusherAuthenticationSampleTests.swift in Sources */,
			);
			runOnlyForDeploymentPostprocessing = 0;
		};
		7AF7E49B1F65DBF900BB1484 /* Sources */ = {
			isa = PBXSourcesBuildPhase;
			buildActionMask = 2147483647;
			files = (
				7AF7E4A41F65DBF900BB1484 /* PusherAuthenticationSampleUITests.swift in Sources */,
			);
			runOnlyForDeploymentPostprocessing = 0;
		};
/* End PBXSourcesBuildPhase section */

/* Begin PBXTargetDependency section */
		7AF7E4961F65DBF900BB1484 /* PBXTargetDependency */ = {
			isa = PBXTargetDependency;
			target = 7AF7E47F1F65DBF900BB1484 /* PusherAuthenticationSample */;
			targetProxy = 7AF7E4951F65DBF900BB1484 /* PBXContainerItemProxy */;
		};
		7AF7E4A11F65DBF900BB1484 /* PBXTargetDependency */ = {
			isa = PBXTargetDependency;
			target = 7AF7E47F1F65DBF900BB1484 /* PusherAuthenticationSample */;
			targetProxy = 7AF7E4A01F65DBF900BB1484 /* PBXContainerItemProxy */;
		};
/* End PBXTargetDependency section */

/* Begin PBXVariantGroup section */
		7AF7E4871F65DBF900BB1484 /* Main.storyboard */ = {
			isa = PBXVariantGroup;
			children = (
				7AF7E4881F65DBF900BB1484 /* Base */,
			);
			name = Main.storyboard;
			sourceTree = "<group>";
		};
		7AF7E48C1F65DBF900BB1484 /* LaunchScreen.storyboard */ = {
			isa = PBXVariantGroup;
			children = (
				7AF7E48D1F65DBF900BB1484 /* Base */,
			);
			name = LaunchScreen.storyboard;
			sourceTree = "<group>";
		};
/* End PBXVariantGroup section */

/* Begin XCBuildConfiguration section */
		7AF7E4A61F65DBF900BB1484 /* Debug */ = {
			isa = XCBuildConfiguration;
			buildSettings = {
				ALWAYS_SEARCH_USER_PATHS = NO;
				CLANG_ANALYZER_NONNULL = YES;
				CLANG_ANALYZER_NUMBER_OBJECT_CONVERSION = YES_AGGRESSIVE;
				CLANG_CXX_LANGUAGE_STANDARD = "gnu++0x";
				CLANG_CXX_LIBRARY = "libc++";
				CLANG_ENABLE_MODULES = YES;
				CLANG_ENABLE_OBJC_ARC = YES;
				CLANG_WARN_BOOL_CONVERSION = YES;
				CLANG_WARN_CONSTANT_CONVERSION = YES;
				CLANG_WARN_DIRECT_OBJC_ISA_USAGE = YES_ERROR;
				CLANG_WARN_DOCUMENTATION_COMMENTS = YES;
				CLANG_WARN_EMPTY_BODY = YES;
				CLANG_WARN_ENUM_CONVERSION = YES;
				CLANG_WARN_INFINITE_RECURSION = YES;
				CLANG_WARN_INT_CONVERSION = YES;
				CLANG_WARN_OBJC_ROOT_CLASS = YES_ERROR;
				CLANG_WARN_SUSPICIOUS_MOVE = YES;
				CLANG_WARN_UNREACHABLE_CODE = YES;
				CLANG_WARN__DUPLICATE_METHOD_MATCH = YES;
				"CODE_SIGN_IDENTITY[sdk=iphoneos*]" = "iPhone Developer";
				COPY_PHASE_STRIP = NO;
				DEBUG_INFORMATION_FORMAT = dwarf;
				ENABLE_STRICT_OBJC_MSGSEND = YES;
				ENABLE_TESTABILITY = YES;
				GCC_C_LANGUAGE_STANDARD = gnu99;
				GCC_DYNAMIC_NO_PIC = NO;
				GCC_NO_COMMON_BLOCKS = YES;
				GCC_OPTIMIZATION_LEVEL = 0;
				GCC_PREPROCESSOR_DEFINITIONS = (
					"DEBUG=1",
					"$(inherited)",
				);
				GCC_WARN_64_TO_32_BIT_CONVERSION = YES;
				GCC_WARN_ABOUT_RETURN_TYPE = YES_ERROR;
				GCC_WARN_UNDECLARED_SELECTOR = YES;
				GCC_WARN_UNINITIALIZED_AUTOS = YES_AGGRESSIVE;
				GCC_WARN_UNUSED_FUNCTION = YES;
				GCC_WARN_UNUSED_VARIABLE = YES;
				IPHONEOS_DEPLOYMENT_TARGET = 10.3;
				MTL_ENABLE_DEBUG_INFO = YES;
				ONLY_ACTIVE_ARCH = YES;
				SDKROOT = iphoneos;
				SWIFT_ACTIVE_COMPILATION_CONDITIONS = DEBUG;
				SWIFT_OPTIMIZATION_LEVEL = "-Onone";
			};
			name = Debug;
		};
		7AF7E4A71F65DBF900BB1484 /* Release */ = {
			isa = XCBuildConfiguration;
			buildSettings = {
				ALWAYS_SEARCH_USER_PATHS = NO;
				CLANG_ANALYZER_NONNULL = YES;
				CLANG_ANALYZER_NUMBER_OBJECT_CONVERSION = YES_AGGRESSIVE;
				CLANG_CXX_LANGUAGE_STANDARD = "gnu++0x";
				CLANG_CXX_LIBRARY = "libc++";
				CLANG_ENABLE_MODULES = YES;
				CLANG_ENABLE_OBJC_ARC = YES;
				CLANG_WARN_BOOL_CONVERSION = YES;
				CLANG_WARN_CONSTANT_CONVERSION = YES;
				CLANG_WARN_DIRECT_OBJC_ISA_USAGE = YES_ERROR;
				CLANG_WARN_DOCUMENTATION_COMMENTS = YES;
				CLANG_WARN_EMPTY_BODY = YES;
				CLANG_WARN_ENUM_CONVERSION = YES;
				CLANG_WARN_INFINITE_RECURSION = YES;
				CLANG_WARN_INT_CONVERSION = YES;
				CLANG_WARN_OBJC_ROOT_CLASS = YES_ERROR;
				CLANG_WARN_SUSPICIOUS_MOVE = YES;
				CLANG_WARN_UNREACHABLE_CODE = YES;
				CLANG_WARN__DUPLICATE_METHOD_MATCH = YES;
				"CODE_SIGN_IDENTITY[sdk=iphoneos*]" = "iPhone Developer";
				COPY_PHASE_STRIP = NO;
				DEBUG_INFORMATION_FORMAT = "dwarf-with-dsym";
				ENABLE_NS_ASSERTIONS = NO;
				ENABLE_STRICT_OBJC_MSGSEND = YES;
				GCC_C_LANGUAGE_STANDARD = gnu99;
				GCC_NO_COMMON_BLOCKS = YES;
				GCC_WARN_64_TO_32_BIT_CONVERSION = YES;
				GCC_WARN_ABOUT_RETURN_TYPE = YES_ERROR;
				GCC_WARN_UNDECLARED_SELECTOR = YES;
				GCC_WARN_UNINITIALIZED_AUTOS = YES_AGGRESSIVE;
				GCC_WARN_UNUSED_FUNCTION = YES;
				GCC_WARN_UNUSED_VARIABLE = YES;
				IPHONEOS_DEPLOYMENT_TARGET = 10.3;
				MTL_ENABLE_DEBUG_INFO = NO;
				SDKROOT = iphoneos;
				SWIFT_OPTIMIZATION_LEVEL = "-Owholemodule";
				VALIDATE_PRODUCT = YES;
			};
			name = Release;
		};
		7AF7E4A91F65DBF900BB1484 /* Debug */ = {
			isa = XCBuildConfiguration;
			baseConfigurationReference = 19783D700BC1F31475BD393A /* Pods-PusherAuthenticationSample.debug.xcconfig */;
			buildSettings = {
				ASSETCATALOG_COMPILER_APPICON_NAME = AppIcon;
				DEVELOPMENT_TEAM = 2D36RY7798;
				INFOPLIST_FILE = PusherAuthenticationSample/Info.plist;
				LD_RUNPATH_SEARCH_PATHS = "$(inherited) @executable_path/Frameworks";
				PRODUCT_BUNDLE_IDENTIFIER = com.angeladyrda.PusherAuthenticationSample;
				PRODUCT_NAME = "$(TARGET_NAME)";
				SWIFT_VERSION = 3.0;
			};
			name = Debug;
		};
		7AF7E4AA1F65DBF900BB1484 /* Release */ = {
			isa = XCBuildConfiguration;
			baseConfigurationReference = A99B718057BB4C498C02796F /* Pods-PusherAuthenticationSample.release.xcconfig */;
			buildSettings = {
				ASSETCATALOG_COMPILER_APPICON_NAME = AppIcon;
				DEVELOPMENT_TEAM = 2D36RY7798;
				INFOPLIST_FILE = PusherAuthenticationSample/Info.plist;
				LD_RUNPATH_SEARCH_PATHS = "$(inherited) @executable_path/Frameworks";
				PRODUCT_BUNDLE_IDENTIFIER = com.angeladyrda.PusherAuthenticationSample;
				PRODUCT_NAME = "$(TARGET_NAME)";
				SWIFT_VERSION = 3.0;
			};
			name = Release;
		};
		7AF7E4AC1F65DBF900BB1484 /* Debug */ = {
			isa = XCBuildConfiguration;
			buildSettings = {
				ALWAYS_EMBED_SWIFT_STANDARD_LIBRARIES = YES;
				BUNDLE_LOADER = "$(TEST_HOST)";
				DEVELOPMENT_TEAM = 2D36RY7798;
				INFOPLIST_FILE = PusherAuthenticationSampleTests/Info.plist;
				LD_RUNPATH_SEARCH_PATHS = "$(inherited) @executable_path/Frameworks @loader_path/Frameworks";
				PRODUCT_BUNDLE_IDENTIFIER = com.angeladyrda.PusherAuthenticationSampleTests;
				PRODUCT_NAME = "$(TARGET_NAME)";
				SWIFT_VERSION = 3.0;
				TEST_HOST = "$(BUILT_PRODUCTS_DIR)/PusherAuthenticationSample.app/PusherAuthenticationSample";
			};
			name = Debug;
		};
		7AF7E4AD1F65DBF900BB1484 /* Release */ = {
			isa = XCBuildConfiguration;
			buildSettings = {
				ALWAYS_EMBED_SWIFT_STANDARD_LIBRARIES = YES;
				BUNDLE_LOADER = "$(TEST_HOST)";
				DEVELOPMENT_TEAM = 2D36RY7798;
				INFOPLIST_FILE = PusherAuthenticationSampleTests/Info.plist;
				LD_RUNPATH_SEARCH_PATHS = "$(inherited) @executable_path/Frameworks @loader_path/Frameworks";
				PRODUCT_BUNDLE_IDENTIFIER = com.angeladyrda.PusherAuthenticationSampleTests;
				PRODUCT_NAME = "$(TARGET_NAME)";
				SWIFT_VERSION = 3.0;
				TEST_HOST = "$(BUILT_PRODUCTS_DIR)/PusherAuthenticationSample.app/PusherAuthenticationSample";
			};
			name = Release;
		};
		7AF7E4AF1F65DBF900BB1484 /* Debug */ = {
			isa = XCBuildConfiguration;
			buildSettings = {
				ALWAYS_EMBED_SWIFT_STANDARD_LIBRARIES = YES;
				DEVELOPMENT_TEAM = 2D36RY7798;
				INFOPLIST_FILE = PusherAuthenticationSampleUITests/Info.plist;
				LD_RUNPATH_SEARCH_PATHS = "$(inherited) @executable_path/Frameworks @loader_path/Frameworks";
				PRODUCT_BUNDLE_IDENTIFIER = com.angeladyrda.PusherAuthenticationSampleUITests;
				PRODUCT_NAME = "$(TARGET_NAME)";
				SWIFT_VERSION = 3.0;
				TEST_TARGET_NAME = PusherAuthenticationSample;
			};
			name = Debug;
		};
		7AF7E4B01F65DBF900BB1484 /* Release */ = {
			isa = XCBuildConfiguration;
			buildSettings = {
				ALWAYS_EMBED_SWIFT_STANDARD_LIBRARIES = YES;
				DEVELOPMENT_TEAM = 2D36RY7798;
				INFOPLIST_FILE = PusherAuthenticationSampleUITests/Info.plist;
				LD_RUNPATH_SEARCH_PATHS = "$(inherited) @executable_path/Frameworks @loader_path/Frameworks";
				PRODUCT_BUNDLE_IDENTIFIER = com.angeladyrda.PusherAuthenticationSampleUITests;
				PRODUCT_NAME = "$(TARGET_NAME)";
				SWIFT_VERSION = 3.0;
				TEST_TARGET_NAME = PusherAuthenticationSample;
			};
			name = Release;
		};
/* End XCBuildConfiguration section */

/* Begin XCConfigurationList section */
		7AF7E47B1F65DBF900BB1484 /* Build configuration list for PBXProject "PusherAuthenticationSample" */ = {
			isa = XCConfigurationList;
			buildConfigurations = (
				7AF7E4A61F65DBF900BB1484 /* Debug */,
				7AF7E4A71F65DBF900BB1484 /* Release */,
			);
			defaultConfigurationIsVisible = 0;
			defaultConfigurationName = Release;
		};
		7AF7E4A81F65DBF900BB1484 /* Build configuration list for PBXNativeTarget "PusherAuthenticationSample" */ = {
			isa = XCConfigurationList;
			buildConfigurations = (
				7AF7E4A91F65DBF900BB1484 /* Debug */,
				7AF7E4AA1F65DBF900BB1484 /* Release */,
			);
			defaultConfigurationIsVisible = 0;
			defaultConfigurationName = Release;
		};
		7AF7E4AB1F65DBF900BB1484 /* Build configuration list for PBXNativeTarget "PusherAuthenticationSampleTests" */ = {
			isa = XCConfigurationList;
			buildConfigurations = (
				7AF7E4AC1F65DBF900BB1484 /* Debug */,
				7AF7E4AD1F65DBF900BB1484 /* Release */,
			);
			defaultConfigurationIsVisible = 0;
			defaultConfigurationName = Release;
		};
		7AF7E4AE1F65DBF900BB1484 /* Build configuration list for PBXNativeTarget "PusherAuthenticationSampleUITests" */ = {
			isa = XCConfigurationList;
			buildConfigurations = (
				7AF7E4AF1F65DBF900BB1484 /* Debug */,
				7AF7E4B01F65DBF900BB1484 /* Release */,
			);
			defaultConfigurationIsVisible = 0;
			defaultConfigurationName = Release;
		};
/* End XCConfigurationList section */
	};
	rootObject = 7AF7E4781F65DBF900BB1484 /* Project object */;
}
